
Microsoft Visual Studio Solution File, Format Version 12.00
# Visual Studio Version 17
VisualStudioVersion = 17.8.34330.188
MinimumVisualStudioVersion = 10.0.40219.1
Project("{FAE04EC0-301F-11D3-BF4B-00C04F79EFBC}") = "TestGitCNPM", "TestGitCNPM\TestGitCNPM.csproj", "{F3E2C35E-72D2-41CD-88FA-740A7E58B79A}"
EndProject
Global
	GlobalSection(SolutionConfigurationPlatforms) = preSolution
		Debug|Any CPU = Debug|Any CPU
		Release|Any CPU = Release|Any CPU
	EndGlobalSection
	GlobalSection(ProjectConfigurationPlatforms) = postSolution
		{F3E2C35E-72D2-41CD-88FA-740A7E58B79A}.Debug|Any CPU.ActiveCfg = Debug|Any CPU
		{F3E2C35E-72D2-41CD-88FA-740A7E58B79A}.Debug|Any CPU.Build.0 = Debug|Any CPU
		{F3E2C35E-72D2-41CD-88FA-740A7E58B79A}.Release|Any CPU.ActiveCfg = Release|Any CPU
		{F3E2C35E-72D2-41CD-88FA-740A7E58B79A}.Release|Any CPU.Build.0 = Release|Any CPU
	EndGlobalSection
	GlobalSection(SolutionProperties) = preSolution
		HideSolutionNode = FALSE
	EndGlobalSection
	GlobalSection(ExtensibilityGlobals) = postSolution
		SolutionGuid = {D38D0B69-42B7-47B6-AF42-36CD56FB5E3A}
	EndGlobalSection
EndGlobal
